// !$*UTF8*$!
{
	archiveVersion = 1;
	classes = {
	};
	objectVersion = 56;
	objects = {

/* Begin PBXBuildFile section */
		720AA87329AB162400FF9BD2 /* AppDelegate.swift in Sources */ = {isa = PBXBuildFile; fileRef = 720AA87229AB162400FF9BD2 /* AppDelegate.swift */; };
		720AA87529AB162400FF9BD2 /* SceneDelegate.swift in Sources */ = {isa = PBXBuildFile; fileRef = 720AA87429AB162400FF9BD2 /* SceneDelegate.swift */; };
		720AA87729AB162400FF9BD2 /* ViewController.swift in Sources */ = {isa = PBXBuildFile; fileRef = 720AA87629AB162400FF9BD2 /* ViewController.swift */; };
		720AA87A29AB162400FF9BD2 /* Main.storyboard in Resources */ = {isa = PBXBuildFile; fileRef = 720AA87829AB162400FF9BD2 /* Main.storyboard */; };
		720AA87C29AB162600FF9BD2 /* Assets.xcassets in Resources */ = {isa = PBXBuildFile; fileRef = 720AA87B29AB162600FF9BD2 /* Assets.xcassets */; };
		720AA87F29AB162600FF9BD2 /* LaunchScreen.storyboard in Resources */ = {isa = PBXBuildFile; fileRef = 720AA87D29AB162600FF9BD2 /* LaunchScreen.storyboard */; };
		720AA88A29AB162600FF9BD2 /* CounterioTests.swift in Sources */ = {isa = PBXBuildFile; fileRef = 720AA88929AB162600FF9BD2 /* CounterioTests.swift */; };
		720AA89429AB162600FF9BD2 /* CounterioUITests.swift in Sources */ = {isa = PBXBuildFile; fileRef = 720AA89329AB162600FF9BD2 /* CounterioUITests.swift */; };
		720AA89629AB162600FF9BD2 /* CounterioUITestsLaunchTests.swift in Sources */ = {isa = PBXBuildFile; fileRef = 720AA89529AB162600FF9BD2 /* CounterioUITestsLaunchTests.swift */; };
/* End PBXBuildFile section */

/* Begin PBXContainerItemProxy section */
		720AA88629AB162600FF9BD2 /* PBXContainerItemProxy */ = {
			isa = PBXContainerItemProxy;
			containerPortal = 720AA86729AB162400FF9BD2 /* Project object */;
			proxyType = 1;
			remoteGlobalIDString = 720AA86E29AB162400FF9BD2;
			remoteInfo = Counterio;
		};
		720AA89029AB162600FF9BD2 /* PBXContainerItemProxy */ = {
			isa = PBXContainerItemProxy;
			containerPortal = 720AA86729AB162400FF9BD2 /* Project object */;
			proxyType = 1;
			remoteGlobalIDString = 720AA86E29AB162400FF9BD2;
			remoteInfo = Counterio;
		};
/* End PBXContainerItemProxy section */

/* Begin PBXFileReference section */
		720AA86F29AB162400FF9BD2 /* Counterio.app */ = {isa = PBXFileReference; explicitFileType = wrapper.application; includeInIndex = 0; path = Counterio.app; sourceTree = BUILT_PRODUCTS_DIR; };
		720AA87229AB162400FF9BD2 /* AppDelegate.swift */ = {isa = PBXFileReference; lastKnownFileType = sourcecode.swift; path = AppDelegate.swift; sourceTree = "<group>"; };
		720AA87429AB162400FF9BD2 /* SceneDelegate.swift */ = {isa = PBXFileReference; lastKnownFileType = sourcecode.swift; path = SceneDelegate.swift; sourceTree = "<group>"; };
		720AA87629AB162400FF9BD2 /* ViewController.swift */ = {isa = PBXFileReference; lastKnownFileType = sourcecode.swift; path = ViewController.swift; sourceTree = "<group>"; };
		720AA87929AB162400FF9BD2 /* Base */ = {isa = PBXFileReference; lastKnownFileType = file.storyboard; name = Base; path = Base.lproj/Main.storyboard; sourceTree = "<group>"; };
		720AA87B29AB162600FF9BD2 /* Assets.xcassets */ = {isa = PBXFileReference; lastKnownFileType = folder.assetcatalog; path = Assets.xcassets; sourceTree = "<group>"; };
		720AA87E29AB162600FF9BD2 /* Base */ = {isa = PBXFileReference; lastKnownFileType = file.storyboard; name = Base; path = Base.lproj/LaunchScreen.storyboard; sourceTree = "<group>"; };
		720AA88029AB162600FF9BD2 /* Info.plist */ = {isa = PBXFileReference; lastKnownFileType = text.plist.xml; path = Info.plist; sourceTree = "<group>"; };
		720AA88529AB162600FF9BD2 /* CounterioTests.xctest */ = {isa = PBXFileReference; explicitFileType = wrapper.cfbundle; includeInIndex = 0; path = CounterioTests.xctest; sourceTree = BUILT_PRODUCTS_DIR; };
		720AA88929AB162600FF9BD2 /* CounterioTests.swift */ = {isa = PBXFileReference; lastKnownFileType = sourcecode.swift; path = CounterioTests.swift; sourceTree = "<group>"; };
		720AA88F29AB162600FF9BD2 /* CounterioUITests.xctest */ = {isa = PBXFileReference; explicitFileType = wrapper.cfbundle; includeInIndex = 0; path = CounterioUITests.xctest; sourceTree = BUILT_PRODUCTS_DIR; };
		720AA89329AB162600FF9BD2 /* CounterioUITests.swift */ = {isa = PBXFileReference; lastKnownFileType = sourcecode.swift; path = CounterioUITests.swift; sourceTree = "<group>"; };
		720AA89529AB162600FF9BD2 /* CounterioUITestsLaunchTests.swift */ = {isa = PBXFileReference; lastKnownFileType = sourcecode.swift; path = CounterioUITestsLaunchTests.swift; sourceTree = "<group>"; };
/* End PBXFileReference section */

/* Begin PBXFrameworksBuildPhase section */
		720AA86C29AB162400FF9BD2 /* Frameworks */ = {
			isa = PBXFrameworksBuildPhase;
			buildActionMask = 2147483647;
			files = (
			);
			runOnlyForDeploymentPostprocessing = 0;
		};
		720AA88229AB162600FF9BD2 /* Frameworks */ = {
			isa = PBXFrameworksBuildPhase;
			buildActionMask = 2147483647;
			files = (
			);
			runOnlyForDeploymentPostprocessing = 0;
		};
		720AA88C29AB162600FF9BD2 /* Frameworks */ = {
			isa = PBXFrameworksBuildPhase;
			buildActionMask = 2147483647;
			files = (
			);
			runOnlyForDeploymentPostprocessing = 0;
		};
/* End PBXFrameworksBuildPhase section */

/* Begin PBXGroup section */
		720AA86629AB162400FF9BD2 = {
			isa = PBXGroup;
			children = (
				720AA87129AB162400FF9BD2 /* Counterio */,
				720AA88829AB162600FF9BD2 /* CounterioTests */,
				720AA89229AB162600FF9BD2 /* CounterioUITests */,
				720AA87029AB162400FF9BD2 /* Products */,
			);
			sourceTree = "<group>";
		};
		720AA87029AB162400FF9BD2 /* Products */ = {
			isa = PBXGroup;
			children = (
				720AA86F29AB162400FF9BD2 /* Counterio.app */,
				720AA88529AB162600FF9BD2 /* CounterioTests.xctest */,
				720AA88F29AB162600FF9BD2 /* CounterioUITests.xctest */,
			);
			name = Products;
			sourceTree = "<group>";
		};
		720AA87129AB162400FF9BD2 /* Counterio */ = {
			isa = PBXGroup;
			children = (
				720AA87229AB162400FF9BD2 /* AppDelegate.swift */,
				720AA87429AB162400FF9BD2 /* SceneDelegate.swift */,
				720AA87629AB162400FF9BD2 /* ViewController.swift */,
				720AA87829AB162400FF9BD2 /* Main.storyboard */,
				720AA87B29AB162600FF9BD2 /* Assets.xcassets */,
				720AA87D29AB162600FF9BD2 /* LaunchScreen.storyboard */,
				720AA88029AB162600FF9BD2 /* Info.plist */,
			);
			path = Counterio;
			sourceTree = "<group>";
		};
		720AA88829AB162600FF9BD2 /* CounterioTests */ = {
			isa = PBXGroup;
			children = (
				720AA88929AB162600FF9BD2 /* CounterioTests.swift */,
			);
			path = CounterioTests;
			sourceTree = "<group>";
		};
		720AA89229AB162600FF9BD2 /* CounterioUITests */ = {
			isa = PBXGroup;
			children = (
				720AA89329AB162600FF9BD2 /* CounterioUITests.swift */,
				720AA89529AB162600FF9BD2 /* CounterioUITestsLaunchTests.swift */,
			);
			path = CounterioUITests;
			sourceTree = "<group>";
		};
/* End PBXGroup section */

/* Begin PBXNativeTarget section */
		720AA86E29AB162400FF9BD2 /* Counterio */ = {
			isa = PBXNativeTarget;
			buildConfigurationList = 720AA89929AB162600FF9BD2 /* Build configuration list for PBXNativeTarget "Counterio" */;
			buildPhases = (
				720AA86B29AB162400FF9BD2 /* Sources */,
				720AA86C29AB162400FF9BD2 /* Frameworks */,
				720AA86D29AB162400FF9BD2 /* Resources */,
			);
			buildRules = (
			);
			dependencies = (
			);
			name = Counterio;
			productName = Counterio;
			productReference = 720AA86F29AB162400FF9BD2 /* Counterio.app */;
			productType = "com.apple.product-type.application";
		};
		720AA88429AB162600FF9BD2 /* CounterioTests */ = {
			isa = PBXNativeTarget;
			buildConfigurationList = 720AA89C29AB162600FF9BD2 /* Build configuration list for PBXNativeTarget "CounterioTests" */;
			buildPhases = (
				720AA88129AB162600FF9BD2 /* Sources */,
				720AA88229AB162600FF9BD2 /* Frameworks */,
				720AA88329AB162600FF9BD2 /* Resources */,
			);
			buildRules = (
			);
			dependencies = (
				720AA88729AB162600FF9BD2 /* PBXTargetDependency */,
			);
			name = CounterioTests;
			productName = CounterioTests;
			productReference = 720AA88529AB162600FF9BD2 /* CounterioTests.xctest */;
			productType = "com.apple.product-type.bundle.unit-test";
		};
		720AA88E29AB162600FF9BD2 /* CounterioUITests */ = {
			isa = PBXNativeTarget;
			buildConfigurationList = 720AA89F29AB162600FF9BD2 /* Build configuration list for PBXNativeTarget "CounterioUITests" */;
			buildPhases = (
				720AA88B29AB162600FF9BD2 /* Sources */,
				720AA88C29AB162600FF9BD2 /* Frameworks */,
				720AA88D29AB162600FF9BD2 /* Resources */,
			);
			buildRules = (
			);
			dependencies = (
				720AA89129AB162600FF9BD2 /* PBXTargetDependency */,
			);
			name = CounterioUITests;
			productName = CounterioUITests;
			productReference = 720AA88F29AB162600FF9BD2 /* CounterioUITests.xctest */;
			productType = "com.apple.product-type.bundle.ui-testing";
		};
/* End PBXNativeTarget section */

/* Begin PBXProject section */
		720AA86729AB162400FF9BD2 /* Project object */ = {
			isa = PBXProject;
			attributes = {
				BuildIndependentTargetsInParallel = 1;
				LastSwiftUpdateCheck = 1420;
				LastUpgradeCheck = 1420;
				TargetAttributes = {
					720AA86E29AB162400FF9BD2 = {
						CreatedOnToolsVersion = 14.2;
					};
					720AA88429AB162600FF9BD2 = {
						CreatedOnToolsVersion = 14.2;
						TestTargetID = 720AA86E29AB162400FF9BD2;
					};
					720AA88E29AB162600FF9BD2 = {
						CreatedOnToolsVersion = 14.2;
						TestTargetID = 720AA86E29AB162400FF9BD2;
					};
				};
			};
			buildConfigurationList = 720AA86A29AB162400FF9BD2 /* Build configuration list for PBXProject "Counterio" */;
			compatibilityVersion = "Xcode 14.0";
			developmentRegion = en;
			hasScannedForEncodings = 0;
			knownRegions = (
				en,
				Base,
			);
			mainGroup = 720AA86629AB162400FF9BD2;
			productRefGroup = 720AA87029AB162400FF9BD2 /* Products */;
			projectDirPath = "";
			projectRoot = "";
			targets = (
				720AA86E29AB162400FF9BD2 /* Counterio */,
				720AA88429AB162600FF9BD2 /* CounterioTests */,
				720AA88E29AB162600FF9BD2 /* CounterioUITests */,
			);
		};
/* End PBXProject section */

/* Begin PBXResourcesBuildPhase section */
		720AA86D29AB162400FF9BD2 /* Resources */ = {
			isa = PBXResourcesBuildPhase;
			buildActionMask = 2147483647;
			files = (
				720AA87F29AB162600FF9BD2 /* LaunchScreen.storyboard in Resources */,
				720AA87C29AB162600FF9BD2 /* Assets.xcassets in Resources */,
				720AA87A29AB162400FF9BD2 /* Main.storyboard in Resources */,
			);
			runOnlyForDeploymentPostprocessing = 0;
		};
		720AA88329AB162600FF9BD2 /* Resources */ = {
			isa = PBXResourcesBuildPhase;
			buildActionMask = 2147483647;
			files = (
			);
			runOnlyForDeploymentPostprocessing = 0;
		};
		720AA88D29AB162600FF9BD2 /* Resources */ = {
			isa = PBXResourcesBuildPhase;
			buildActionMask = 2147483647;
			files = (
			);
			runOnlyForDeploymentPostprocessing = 0;
		};
/* End PBXResourcesBuildPhase section */

/* Begin PBXSourcesBuildPhase section */
		720AA86B29AB162400FF9BD2 /* Sources */ = {
			isa = PBXSourcesBuildPhase;
			buildActionMask = 2147483647;
			files = (
				720AA87729AB162400FF9BD2 /* ViewController.swift in Sources */,
				720AA87329AB162400FF9BD2 /* AppDelegate.swift in Sources */,
				720AA87529AB162400FF9BD2 /* SceneDelegate.swift in Sources */,
			);
			runOnlyForDeploymentPostprocessing = 0;
		};
		720AA88129AB162600FF9BD2 /* Sources */ = {
			isa = PBXSourcesBuildPhase;
			buildActionMask = 2147483647;
			files = (
				720AA88A29AB162600FF9BD2 /* CounterioTests.swift in Sources */,
			);
			runOnlyForDeploymentPostprocessing = 0;
		};
		720AA88B29AB162600FF9BD2 /* Sources */ = {
			isa = PBXSourcesBuildPhase;
			buildActionMask = 2147483647;
			files = (
				720AA89429AB162600FF9BD2 /* CounterioUITests.swift in Sources */,
				720AA89629AB162600FF9BD2 /* CounterioUITestsLaunchTests.swift in Sources */,
			);
			runOnlyForDeploymentPostprocessing = 0;
		};
/* End PBXSourcesBuildPhase section */

/* Begin PBXTargetDependency section */
		720AA88729AB162600FF9BD2 /* PBXTargetDependency */ = {
			isa = PBXTargetDependency;
			target = 720AA86E29AB162400FF9BD2 /* Counterio */;
			targetProxy = 720AA88629AB162600FF9BD2 /* PBXContainerItemProxy */;
		};
		720AA89129AB162600FF9BD2 /* PBXTargetDependency */ = {
			isa = PBXTargetDependency;
			target = 720AA86E29AB162400FF9BD2 /* Counterio */;
			targetProxy = 720AA89029AB162600FF9BD2 /* PBXContainerItemProxy */;
		};
/* End PBXTargetDependency section */

/* Begin PBXVariantGroup section */
		720AA87829AB162400FF9BD2 /* Main.storyboard */ = {
			isa = PBXVariantGroup;
			children = (
				720AA87929AB162400FF9BD2 /* Base */,
			);
			name = Main.storyboard;
			sourceTree = "<group>";
		};
		720AA87D29AB162600FF9BD2 /* LaunchScreen.storyboard */ = {
			isa = PBXVariantGroup;
			children = (
				720AA87E29AB162600FF9BD2 /* Base */,
			);
			name = LaunchScreen.storyboard;
			sourceTree = "<group>";
		};
/* End PBXVariantGroup section */

/* Begin XCBuildConfiguration section */
		720AA89729AB162600FF9BD2 /* Debug */ = {
			isa = XCBuildConfiguration;
			buildSettings = {
				ALWAYS_SEARCH_USER_PATHS = NO;
				CLANG_ANALYZER_NONNULL = YES;
				CLANG_ANALYZER_NUMBER_OBJECT_CONVERSION = YES_AGGRESSIVE;
				CLANG_CXX_LANGUAGE_STANDARD = "gnu++20";
				CLANG_ENABLE_MODULES = YES;
				CLANG_ENABLE_OBJC_ARC = YES;
				CLANG_ENABLE_OBJC_WEAK = YES;
				CLANG_WARN_BLOCK_CAPTURE_AUTORELEASING = YES;
				CLANG_WARN_BOOL_CONVERSION = YES;
				CLANG_WARN_COMMA = YES;
				CLANG_WARN_CONSTANT_CONVERSION = YES;
				CLANG_WARN_DEPRECATED_OBJC_IMPLEMENTATIONS = YES;
				CLANG_WARN_DIRECT_OBJC_ISA_USAGE = YES_ERROR;
				CLANG_WARN_DOCUMENTATION_COMMENTS = YES;
				CLANG_WARN_EMPTY_BODY = YES;
				CLANG_WARN_ENUM_CONVERSION = YES;
				CLANG_WARN_INFINITE_RECURSION = YES;
				CLANG_WARN_INT_CONVERSION = YES;
				CLANG_WARN_NON_LITERAL_NULL_CONVERSION = YES;
				CLANG_WARN_OBJC_IMPLICIT_RETAIN_SELF = YES;
				CLANG_WARN_OBJC_LITERAL_CONVERSION = YES;
				CLANG_WARN_OBJC_ROOT_CLASS = YES_ERROR;
				CLANG_WARN_QUOTED_INCLUDE_IN_FRAMEWORK_HEADER = YES;
				CLANG_WARN_RANGE_LOOP_ANALYSIS = YES;
				CLANG_WARN_STRICT_PROTOTYPES = YES;
				CLANG_WARN_SUSPICIOUS_MOVE = YES;
				CLANG_WARN_UNGUARDED_AVAILABILITY = YES_AGGRESSIVE;
				CLANG_WARN_UNREACHABLE_CODE = YES;
				CLANG_WARN__DUPLICATE_METHOD_MATCH = YES;
				COPY_PHASE_STRIP = NO;
				DEBUG_INFORMATION_FORMAT = dwarf;
				ENABLE_STRICT_OBJC_MSGSEND = YES;
				ENABLE_TESTABILITY = YES;
				GCC_C_LANGUAGE_STANDARD = gnu11;
				GCC_DYNAMIC_NO_PIC = NO;
				GCC_NO_COMMON_BLOCKS = YES;
				GCC_OPTIMIZATION_LEVEL = 0;
				GCC_PREPROCESSOR_DEFINITIONS = (
					"DEBUG=1",
					"$(inherited)",
				);
				GCC_WARN_64_TO_32_BIT_CONVERSION = YES;
				GCC_WARN_ABOUT_RETURN_TYPE = YES_ERROR;
				GCC_WARN_UNDECLARED_SELECTOR = YES;
				GCC_WARN_UNINITIALIZED_AUTOS = YES_AGGRESSIVE;
				GCC_WARN_UNUSED_FUNCTION = YES;
				GCC_WARN_UNUSED_VARIABLE = YES;
				IPHONEOS_DEPLOYMENT_TARGET = 16.2;
				MTL_ENABLE_DEBUG_INFO = INCLUDE_SOURCE;
				MTL_FAST_MATH = YES;
				ONLY_ACTIVE_ARCH = YES;
				SDKROOT = iphoneos;
				SWIFT_ACTIVE_COMPILATION_CONDITIONS = DEBUG;
				SWIFT_OPTIMIZATION_LEVEL = "-Onone";
			};
			name = Debug;
		};
		720AA89829AB162600FF9BD2 /* Release */ = {
			isa = XCBuildConfiguration;
			buildSettings = {
				ALWAYS_SEARCH_USER_PATHS = NO;
				CLANG_ANALYZER_NONNULL = YES;
				CLANG_ANALYZER_NUMBER_OBJECT_CONVERSION = YES_AGGRESSIVE;
				CLANG_CXX_LANGUAGE_STANDARD = "gnu++20";
				CLANG_ENABLE_MODULES = YES;
				CLANG_ENABLE_OBJC_ARC = YES;
				CLANG_ENABLE_OBJC_WEAK = YES;
				CLANG_WARN_BLOCK_CAPTURE_AUTORELEASING = YES;
				CLANG_WARN_BOOL_CONVERSION = YES;
				CLANG_WARN_COMMA = YES;
				CLANG_WARN_CONSTANT_CONVERSION = YES;
				CLANG_WARN_DEPRECATED_OBJC_IMPLEMENTATIONS = YES;
				CLANG_WARN_DIRECT_OBJC_ISA_USAGE = YES_ERROR;
				CLANG_WARN_DOCUMENTATION_COMMENTS = YES;
				CLANG_WARN_EMPTY_BODY = YES;
				CLANG_WARN_ENUM_CONVERSION = YES;
				CLANG_WARN_INFINITE_RECURSION = YES;
				CLANG_WARN_INT_CONVERSION = YES;
				CLANG_WARN_NON_LITERAL_NULL_CONVERSION = YES;
				CLANG_WARN_OBJC_IMPLICIT_RETAIN_SELF = YES;
				CLANG_WARN_OBJC_LITERAL_CONVERSION = YES;
				CLANG_WARN_OBJC_ROOT_CLASS = YES_ERROR;
				CLANG_WARN_QUOTED_INCLUDE_IN_FRAMEWORK_HEADER = YES;
				CLANG_WARN_RANGE_LOOP_ANALYSIS = YES;
				CLANG_WARN_STRICT_PROTOTYPES = YES;
				CLANG_WARN_SUSPICIOUS_MOVE = YES;
				CLANG_WARN_UNGUARDED_AVAILABILITY = YES_AGGRESSIVE;
				CLANG_WARN_UNREACHABLE_CODE = YES;
				CLANG_WARN__DUPLICATE_METHOD_MATCH = YES;
				COPY_PHASE_STRIP = NO;
				DEBUG_INFORMATION_FORMAT = "dwarf-with-dsym";
				ENABLE_NS_ASSERTIONS = NO;
				ENABLE_STRICT_OBJC_MSGSEND = YES;
				GCC_C_LANGUAGE_STANDARD = gnu11;
				GCC_NO_COMMON_BLOCKS = YES;
				GCC_WARN_64_TO_32_BIT_CONVERSION = YES;
				GCC_WARN_ABOUT_RETURN_TYPE = YES_ERROR;
				GCC_WARN_UNDECLARED_SELECTOR = YES;
				GCC_WARN_UNINITIALIZED_AUTOS = YES_AGGRESSIVE;
				GCC_WARN_UNUSED_FUNCTION = YES;
				GCC_WARN_UNUSED_VARIABLE = YES;
				IPHONEOS_DEPLOYMENT_TARGET = 16.2;
				MTL_ENABLE_DEBUG_INFO = NO;
				MTL_FAST_MATH = YES;
				SDKROOT = iphoneos;
				SWIFT_COMPILATION_MODE = wholemodule;
				SWIFT_OPTIMIZATION_LEVEL = "-O";
				VALIDATE_PRODUCT = YES;
			};
			name = Release;
		};
		720AA89A29AB162600FF9BD2 /* Debug */ = {
			isa = XCBuildConfiguration;
			buildSettings = {
				ASSETCATALOG_COMPILER_APPICON_NAME = AppIcon;
				ASSETCATALOG_COMPILER_GLOBAL_ACCENT_COLOR_NAME = AccentColor;
				CODE_SIGN_STYLE = Automatic;
				CURRENT_PROJECT_VERSION = 1;
				DEVELOPMENT_TEAM = P35PF26CC2;
				GENERATE_INFOPLIST_FILE = YES;
				INFOPLIST_FILE = Counterio/Info.plist;
				INFOPLIST_KEY_UIApplicationSupportsIndirectInputEvents = YES;
				INFOPLIST_KEY_UILaunchStoryboardName = LaunchScreen;
				INFOPLIST_KEY_UIMainStoryboardFile = Main;
				INFOPLIST_KEY_UISupportedInterfaceOrientations_iPad = "UIInterfaceOrientationPortrait UIInterfaceOrientationPortraitUpsideDown UIInterfaceOrientationLandscapeLeft UIInterfaceOrientationLandscapeRight";
				INFOPLIST_KEY_UISupportedInterfaceOrientations_iPhone = "UIInterfaceOrientationPortrait UIInterfaceOrientationLandscapeLeft UIInterfaceOrientationLandscapeRight";
				LD_RUNPATH_SEARCH_PATHS = (
					"$(inherited)",
					"@executable_path/Frameworks",
				);
				MARKETING_VERSION = 1.0;
				PRODUCT_BUNDLE_IDENTIFIER = com.Counterio;
				PRODUCT_NAME = "$(TARGET_NAME)";
				SWIFT_EMIT_LOC_STRINGS = YES;
				SWIFT_VERSION = 5.0;
				TARGETED_DEVICE_FAMILY = "1,2";
			};
			name = Debug;
		};
		720AA89B29AB162600FF9BD2 /* Release */ = {
			isa = XCBuildConfiguration;
			buildSettings = {
				ASSETCATALOG_COMPILER_APPICON_NAME = AppIcon;
				ASSETCATALOG_COMPILER_GLOBAL_ACCENT_COLOR_NAME = AccentColor;
				CODE_SIGN_STYLE = Automatic;
				CURRENT_PROJECT_VERSION = 1;
				DEVELOPMENT_TEAM = P35PF26CC2;
				GENERATE_INFOPLIST_FILE = YES;
				INFOPLIST_FILE = Counterio/Info.plist;
				INFOPLIST_KEY_UIApplicationSupportsIndirectInputEvents = YES;
				INFOPLIST_KEY_UILaunchStoryboardName = LaunchScreen;
				INFOPLIST_KEY_UIMainStoryboardFile = Main;
				INFOPLIST_KEY_UISupportedInterfaceOrientations_iPad = "UIInterfaceOrientationPortrait UIInterfaceOrientationPortraitUpsideDown UIInterfaceOrientationLandscapeLeft UIInterfaceOrientationLandscapeRight";
				INFOPLIST_KEY_UISupportedInterfaceOrientations_iPhone = "UIInterfaceOrientationPortrait UIInterfaceOrientationLandscapeLeft UIInterfaceOrientationLandscapeRight";
				LD_RUNPATH_SEARCH_PATHS = (
					"$(inherited)",
					"@executable_path/Frameworks",
				);
				MARKETING_VERSION = 1.0;
				PRODUCT_BUNDLE_IDENTIFIER = com.Counterio;
				PRODUCT_NAME = "$(TARGET_NAME)";
				SWIFT_EMIT_LOC_STRINGS = YES;
				SWIFT_VERSION = 5.0;
				TARGETED_DEVICE_FAMILY = "1,2";
			};
			name = Release;
		};
		720AA89D29AB162600FF9BD2 /* Debug */ = {
			isa = XCBuildConfiguration;
			buildSettings = {
				ALWAYS_EMBED_SWIFT_STANDARD_LIBRARIES = YES;
				BUNDLE_LOADER = "$(TEST_HOST)";
				CODE_SIGN_STYLE = Automatic;
				CURRENT_PROJECT_VERSION = 1;
				DEVELOPMENT_TEAM = P35PF26CC2;
				GENERATE_INFOPLIST_FILE = YES;
				IPHONEOS_DEPLOYMENT_TARGET = 16.2;
				MARKETING_VERSION = 1.0;
				PRODUCT_BUNDLE_IDENTIFIER = com.CounterioTests;
				PRODUCT_NAME = "$(TARGET_NAME)";
				SWIFT_EMIT_LOC_STRINGS = NO;
				SWIFT_VERSION = 5.0;
				TARGETED_DEVICE_FAMILY = "1,2";
				TEST_HOST = "$(BUILT_PRODUCTS_DIR)/Counterio.app/$(BUNDLE_EXECUTABLE_FOLDER_PATH)/Counterio";
			};
			name = Debug;
		};
		720AA89E29AB162600FF9BD2 /* Release */ = {
			isa = XCBuildConfiguration;
			buildSettings = {
				ALWAYS_EMBED_SWIFT_STANDARD_LIBRARIES = YES;
				BUNDLE_LOADER = "$(TEST_HOST)";
				CODE_SIGN_STYLE = Automatic;
				CURRENT_PROJECT_VERSION = 1;
				DEVELOPMENT_TEAM = P35PF26CC2;
				GENERATE_INFOPLIST_FILE = YES;
				IPHONEOS_DEPLOYMENT_TARGET = 16.2;
				MARKETING_VERSION = 1.0;
				PRODUCT_BUNDLE_IDENTIFIER = com.CounterioTests;
				PRODUCT_NAME = "$(TARGET_NAME)";
				SWIFT_EMIT_LOC_STRINGS = NO;
				SWIFT_VERSION = 5.0;
				TARGETED_DEVICE_FAMILY = "1,2";
				TEST_HOST = "$(BUILT_PRODUCTS_DIR)/Counterio.app/$(BUNDLE_EXECUTABLE_FOLDER_PATH)/Counterio";
			};
			name = Release;
		};
		720AA8A029AB162600FF9BD2 /* Debug */ = {
			isa = XCBuildConfiguration;
			buildSettings = {
				ALWAYS_EMBED_SWIFT_STANDARD_LIBRARIES = YES;
				CODE_SIGN_STYLE = Automatic;
				CURRENT_PROJECT_VERSION = 1;
				DEVELOPMENT_TEAM = P35PF26CC2;
				GENERATE_INFOPLIST_FILE = YES;
				MARKETING_VERSION = 1.0;
				PRODUCT_BUNDLE_IDENTIFIER = com.CounterioUITests;
				PRODUCT_NAME = "$(TARGET_NAME)";
				SWIFT_EMIT_LOC_STRINGS = NO;
				SWIFT_VERSION = 5.0;
				TARGETED_DEVICE_FAMILY = "1,2";
				TEST_TARGET_NAME = Counterio;
			};
			name = Debug;
		};
		720AA8A129AB162600FF9BD2 /* Release */ = {
			isa = XCBuildConfiguration;
			buildSettings = {
				ALWAYS_EMBED_SWIFT_STANDARD_LIBRARIES = YES;
				CODE_SIGN_STYLE = Automatic;
				CURRENT_PROJECT_VERSION = 1;
				DEVELOPMENT_TEAM = P35PF26CC2;
				GENERATE_INFOPLIST_FILE = YES;
				MARKETING_VERSION = 1.0;
				PRODUCT_BUNDLE_IDENTIFIER = com.CounterioUITests;
				PRODUCT_NAME = "$(TARGET_NAME)";
				SWIFT_EMIT_LOC_STRINGS = NO;
				SWIFT_VERSION = 5.0;
				TARGETED_DEVICE_FAMILY = "1,2";
				TEST_TARGET_NAME = Counterio;
			};
			name = Release;
		};
/* End XCBuildConfiguration section */

/* Begin XCConfigurationList section */
		720AA86A29AB162400FF9BD2 /* Build configuration list for PBXProject "Counterio" */ = {
			isa = XCConfigurationList;
			buildConfigurations = (
				720AA89729AB162600FF9BD2 /* Debug */,
				720AA89829AB162600FF9BD2 /* Release */,
			);
			defaultConfigurationIsVisible = 0;
			defaultConfigurationName = Release;
		};
		720AA89929AB162600FF9BD2 /* Build configuration list for PBXNativeTarget "Counterio" */ = {
			isa = XCConfigurationList;
			buildConfigurations = (
				720AA89A29AB162600FF9BD2 /* Debug */,
				720AA89B29AB162600FF9BD2 /* Release */,
			);
			defaultConfigurationIsVisible = 0;
			defaultConfigurationName = Release;
		};
		720AA89C29AB162600FF9BD2 /* Build configuration list for PBXNativeTarget "CounterioTests" */ = {
			isa = XCConfigurationList;
			buildConfigurations = (
				720AA89D29AB162600FF9BD2 /* Debug */,
				720AA89E29AB162600FF9BD2 /* Release */,
			);
			defaultConfigurationIsVisible = 0;
			defaultConfigurationName = Release;
		};
		720AA89F29AB162600FF9BD2 /* Build configuration list for PBXNativeTarget "CounterioUITests" */ = {
			isa = XCConfigurationList;
			buildConfigurations = (
				720AA8A029AB162600FF9BD2 /* Debug */,
				720AA8A129AB162600FF9BD2 /* Release */,
			);
			defaultConfigurationIsVisible = 0;
			defaultConfigurationName = Release;
		};
/* End XCConfigurationList section */
	};
	rootObject = 720AA86729AB162400FF9BD2 /* Project object */;
}
